
Microsoft Visual Studio Solution File, Format Version 11.00
# Visual Studio 2010
Project("{FAE04EC0-301F-11D3-BF4B-00C04F79EFBC}") = "KartGame", "KartGame.csproj", "{e52ab5dc-1631-86ca-3e8e-25873ef6d2d1}"
EndProject
Project("{FAE04EC0-301F-11D3-BF4B-00C04F79EFBC}") = "KartGame.AI", "KartGame.AI.csproj", "{f6d46597-d8fa-cccf-7f26-05ad1fb99777}"
EndProject
Project("{FAE04EC0-301F-11D3-BF4B-00C04F79EFBC}") = "Assembly-CSharp", "Assembly-CSharp.csproj", "{be109b54-f7f6-36e1-bf3b-86b67c791ce0}"
EndProject
Project("{FAE04EC0-301F-11D3-BF4B-00C04F79EFBC}") = "Unity.Microgame.Tutorials", "Unity.Microgame.Tutorials.csproj", "{59b70903-9426-4a26-1036-9858cf57e542}"
EndProject
Project("{FAE04EC0-301F-11D3-BF4B-00C04F79EFBC}") = "KartGame.AI.Editor", "KartGame.AI.Editor.csproj", "{c4da34e6-663d-6478-2f38-6e4886af9a6e}"
EndProject
Project("{FAE04EC0-301F-11D3-BF4B-00C04F79EFBC}") = "KartGame.Editor", "KartGame.Editor.csproj", "{af5f3aa5-becd-a7ea-5ed0-9d0baef87960}"
EndProject
Project("{FAE04EC0-301F-11D3-BF4B-00C04F79EFBC}") = "Unity.Karting.Tutorials", "Unity.Karting.Tutorials.csproj", "{69c4f704-582e-2aad-0859-3d8ac0ded01b}"
EndProject
Global
	GlobalSection(SolutionConfigurationPlatforms) = preSolution
		Debug|Any CPU = Debug|Any CPU
	EndGlobalSection
	GlobalSection(ProjectConfigurationPlatforms) = postSolution
		{e52ab5dc-1631-86ca-3e8e-25873ef6d2d1}.Debug|Any CPU.ActiveCfg = Debug|Any CPU
		{e52ab5dc-1631-86ca-3e8e-25873ef6d2d1}.Debug|Any CPU.Build.0 = Debug|Any CPU
		{f6d46597-d8fa-cccf-7f26-05ad1fb99777}.Debug|Any CPU.ActiveCfg = Debug|Any CPU
		{f6d46597-d8fa-cccf-7f26-05ad1fb99777}.Debug|Any CPU.Build.0 = Debug|Any CPU
		{be109b54-f7f6-36e1-bf3b-86b67c791ce0}.Debug|Any CPU.ActiveCfg = Debug|Any CPU
		{be109b54-f7f6-36e1-bf3b-86b67c791ce0}.Debug|Any CPU.Build.0 = Debug|Any CPU
		{59b70903-9426-4a26-1036-9858cf57e542}.Debug|Any CPU.ActiveCfg = Debug|Any CPU
		{59b70903-9426-4a26-1036-9858cf57e542}.Debug|Any CPU.Build.0 = Debug|Any CPU
		{c4da34e6-663d-6478-2f38-6e4886af9a6e}.Debug|Any CPU.ActiveCfg = Debug|Any CPU
		{c4da34e6-663d-6478-2f38-6e4886af9a6e}.Debug|Any CPU.Build.0 = Debug|Any CPU
		{af5f3aa5-becd-a7ea-5ed0-9d0baef87960}.Debug|Any CPU.ActiveCfg = Debug|Any CPU
		{af5f3aa5-becd-a7ea-5ed0-9d0baef87960}.Debug|Any CPU.Build.0 = Debug|Any CPU
		{69c4f704-582e-2aad-0859-3d8ac0ded01b}.Debug|Any CPU.ActiveCfg = Debug|Any CPU
		{69c4f704-582e-2aad-0859-3d8ac0ded01b}.Debug|Any CPU.Build.0 = Debug|Any CPU
	EndGlobalSection
	GlobalSection(SolutionProperties) = preSolution
		HideSolutionNode = FALSE
	EndGlobalSection
EndGlobal
