
Microsoft Visual Studio Solution File, Format Version 11.00
# Visual Studio 2010
Project("{FAE04EC0-301F-11D3-BF4B-00C04F79EFBC}") = "KartGame", "KartGame.csproj", "{6d14fd73-cad0-d76e-d95a-60cc79ae4c7e}"
EndProject
Project("{FAE04EC0-301F-11D3-BF4B-00C04F79EFBC}") = "Assembly-CSharp", "Assembly-CSharp.csproj", "{eb54a112-b5ab-8c3a-8b35-36ea24f87e7e}"
EndProject
Project("{FAE04EC0-301F-11D3-BF4B-00C04F79EFBC}") = "KartGame.AI", "KartGame.AI.csproj", "{66c1be82-9b28-925b-41ae-2df62d51b5db}"
EndProject
Project("{FAE04EC0-301F-11D3-BF4B-00C04F79EFBC}") = "Unity.Microgame.Tutorials", "Unity.Microgame.Tutorials.csproj", "{a6edd3d6-3ea1-4764-be68-e53357daac04}"
EndProject
Project("{FAE04EC0-301F-11D3-BF4B-00C04F79EFBC}") = "KartGame.Editor", "KartGame.Editor.csproj", "{431cdff3-3f82-a356-eb43-0c908f2d9114}"
EndProject
Project("{FAE04EC0-301F-11D3-BF4B-00C04F79EFBC}") = "KartGame.AI.Editor", "KartGame.AI.Editor.csproj", "{3e9c6852-e5f2-97a0-5437-47f104155c50}"
EndProject
Project("{FAE04EC0-301F-11D3-BF4B-00C04F79EFBC}") = "Unity.Karting.Tutorials", "Unity.Karting.Tutorials.csproj", "{79518748-1dd5-0b4e-3452-0467e045283f}"
EndProject
Global
	GlobalSection(SolutionConfigurationPlatforms) = preSolution
		Debug|Any CPU = Debug|Any CPU
	EndGlobalSection
	GlobalSection(ProjectConfigurationPlatforms) = postSolution
		{6d14fd73-cad0-d76e-d95a-60cc79ae4c7e}.Debug|Any CPU.ActiveCfg = Debug|Any CPU
		{6d14fd73-cad0-d76e-d95a-60cc79ae4c7e}.Debug|Any CPU.Build.0 = Debug|Any CPU
		{eb54a112-b5ab-8c3a-8b35-36ea24f87e7e}.Debug|Any CPU.ActiveCfg = Debug|Any CPU
		{eb54a112-b5ab-8c3a-8b35-36ea24f87e7e}.Debug|Any CPU.Build.0 = Debug|Any CPU
		{66c1be82-9b28-925b-41ae-2df62d51b5db}.Debug|Any CPU.ActiveCfg = Debug|Any CPU
		{66c1be82-9b28-925b-41ae-2df62d51b5db}.Debug|Any CPU.Build.0 = Debug|Any CPU
		{a6edd3d6-3ea1-4764-be68-e53357daac04}.Debug|Any CPU.ActiveCfg = Debug|Any CPU
		{a6edd3d6-3ea1-4764-be68-e53357daac04}.Debug|Any CPU.Build.0 = Debug|Any CPU
		{431cdff3-3f82-a356-eb43-0c908f2d9114}.Debug|Any CPU.ActiveCfg = Debug|Any CPU
		{431cdff3-3f82-a356-eb43-0c908f2d9114}.Debug|Any CPU.Build.0 = Debug|Any CPU
		{3e9c6852-e5f2-97a0-5437-47f104155c50}.Debug|Any CPU.ActiveCfg = Debug|Any CPU
		{3e9c6852-e5f2-97a0-5437-47f104155c50}.Debug|Any CPU.Build.0 = Debug|Any CPU
		{79518748-1dd5-0b4e-3452-0467e045283f}.Debug|Any CPU.ActiveCfg = Debug|Any CPU
		{79518748-1dd5-0b4e-3452-0467e045283f}.Debug|Any CPU.Build.0 = Debug|Any CPU
	EndGlobalSection
	GlobalSection(SolutionProperties) = preSolution
		HideSolutionNode = FALSE
	EndGlobalSection
EndGlobal
